// !$*UTF8*$!
{
	archiveVersion = 1;
	classes = {
	};
	objectVersion = 56;
	objects = {

/* Begin PBXBuildFile section */
		550A81072AA86D5A00E3F03C /* ReusableViewProtocol.swift in Sources */ = {isa = PBXBuildFile; fileRef = 550A81062AA86D5A00E3F03C /* ReusableViewProtocol.swift */; };
		5517745C2A77C08D0089D911 /* AppDelegate.swift in Sources */ = {isa = PBXBuildFile; fileRef = 5517745B2A77C08D0089D911 /* AppDelegate.swift */; };
		5517745E2A77C08D0089D911 /* SceneDelegate.swift in Sources */ = {isa = PBXBuildFile; fileRef = 5517745D2A77C08D0089D911 /* SceneDelegate.swift */; };
		551774602A77C08D0089D911 /* BookCollectionViewController.swift in Sources */ = {isa = PBXBuildFile; fileRef = 5517745F2A77C08D0089D911 /* BookCollectionViewController.swift */; };
		551774632A77C08D0089D911 /* Main.storyboard in Resources */ = {isa = PBXBuildFile; fileRef = 551774612A77C08D0089D911 /* Main.storyboard */; };
		551774652A77C08F0089D911 /* Assets.xcassets in Resources */ = {isa = PBXBuildFile; fileRef = 551774642A77C08F0089D911 /* Assets.xcassets */; };
		551774682A77C08F0089D911 /* LaunchScreen.storyboard in Resources */ = {isa = PBXBuildFile; fileRef = 551774662A77C08F0089D911 /* LaunchScreen.storyboard */; };
		551774762A77C1560089D911 /* AladinAPIService.swift in Sources */ = {isa = PBXBuildFile; fileRef = 551774752A77C1560089D911 /* AladinAPIService.swift */; };
		551774782A77C2690089D911 /* Constants.swift in Sources */ = {isa = PBXBuildFile; fileRef = 551774772A77C2690089D911 /* Constants.swift */; };
		5517747A2A77D0210089D911 /* AladinResult.swift in Sources */ = {isa = PBXBuildFile; fileRef = 551774792A77D0210089D911 /* AladinResult.swift */; };
		551774862A77EA3D0089D911 /* BookWormTests.swift in Sources */ = {isa = PBXBuildFile; fileRef = 551774852A77EA3D0089D911 /* BookWormTests.swift */; };
		551774902A77F7650089D911 /* BookCollectionViewCell.swift in Sources */ = {isa = PBXBuildFile; fileRef = 5517748E2A77F7650089D911 /* BookCollectionViewCell.swift */; };
		551774912A77F7650089D911 /* BookCollectionViewCell.xib in Resources */ = {isa = PBXBuildFile; fileRef = 5517748F2A77F7650089D911 /* BookCollectionViewCell.xib */; };
		551774942A77FFF90089D911 /* Kingfisher in Frameworks */ = {isa = PBXBuildFile; productRef = 551774932A77FFF90089D911 /* Kingfisher */; };
		551774962A7805BC0089D911 /* AladinApi.swift in Sources */ = {isa = PBXBuildFile; fileRef = 551774952A7805BC0089D911 /* AladinApi.swift */; };
		551774982A7808D70089D911 /* UIViewController+Extension.swift in Sources */ = {isa = PBXBuildFile; fileRef = 551774972A7808D70089D911 /* UIViewController+Extension.swift */; };
		5517749B2A781FE30089D911 /* UIColor+Extension.swift in Sources */ = {isa = PBXBuildFile; fileRef = 5517749A2A781FE30089D911 /* UIColor+Extension.swift */; };
		5517749D2A7829550089D911 /* DetailViewController.swift in Sources */ = {isa = PBXBuildFile; fileRef = 5517749C2A7829550089D911 /* DetailViewController.swift */; };
		5517749F2A78896C0089D911 /* SearchTableViewController.swift in Sources */ = {isa = PBXBuildFile; fileRef = 5517749E2A78896C0089D911 /* SearchTableViewController.swift */; };
		551774A22A7889DD0089D911 /* SearchTableViewCell.swift in Sources */ = {isa = PBXBuildFile; fileRef = 551774A02A7889DD0089D911 /* SearchTableViewCell.swift */; };
		551774A32A7889DD0089D911 /* SearchTableViewCell.xib in Resources */ = {isa = PBXBuildFile; fileRef = 551774A12A7889DD0089D911 /* SearchTableViewCell.xib */; };
		551774A52A7894F80089D911 /* BookCollectionReusableView.swift in Sources */ = {isa = PBXBuildFile; fileRef = 551774A42A7894F80089D911 /* BookCollectionReusableView.swift */; };
		551774A92A78D6070089D911 /* Property List.plist in Resources */ = {isa = PBXBuildFile; fileRef = 551774A82A78D6070089D911 /* Property List.plist */; };
		551774AB2A78D92A0089D911 /* Bundle+Extension.swift in Sources */ = {isa = PBXBuildFile; fileRef = 551774AA2A78D92A0089D911 /* Bundle+Extension.swift */; };
		551774AD2A78E0040089D911 /* FavoritesCollectionViewController.swift in Sources */ = {isa = PBXBuildFile; fileRef = 551774AC2A78E0040089D911 /* FavoritesCollectionViewController.swift */; };
		551774AF2A78E9480089D911 /* UserDefault.swift in Sources */ = {isa = PBXBuildFile; fileRef = 551774AE2A78E9480089D911 /* UserDefault.swift */; };
		551774B62A7A67830089D911 /* BrowseViewController.swift in Sources */ = {isa = PBXBuildFile; fileRef = 551774B52A7A67830089D911 /* BrowseViewController.swift */; };
		551774B92A7A6A650089D911 /* BrowseCollectionViewCell.swift in Sources */ = {isa = PBXBuildFile; fileRef = 551774B72A7A6A650089D911 /* BrowseCollectionViewCell.swift */; };
		551774BA2A7A6A650089D911 /* BrowseCollectionViewCell.xib in Resources */ = {isa = PBXBuildFile; fileRef = 551774B82A7A6A650089D911 /* BrowseCollectionViewCell.xib */; };
		551774BD2A7A75DA0089D911 /* SnapKit in Frameworks */ = {isa = PBXBuildFile; productRef = 551774BC2A7A75DA0089D911 /* SnapKit */; };
		551B237D2AA87AAE003471ED /* UICollectionViewFlowLayout+Extension.swift in Sources */ = {isa = PBXBuildFile; fileRef = 551B237C2AA87AAE003471ED /* UICollectionViewFlowLayout+Extension.swift */; };
		559837232A7BDCEA00B35C06 /* UILabel+Extension.swift in Sources */ = {isa = PBXBuildFile; fileRef = 559837222A7BDCEA00B35C06 /* UILabel+Extension.swift */; };
		55A6D9FA2AA5E0810064ED53 /* Realm in Frameworks */ = {isa = PBXBuildFile; productRef = 55A6D9F92AA5E0810064ED53 /* Realm */; };
		55A6D9FC2AA5E0810064ED53 /* RealmSwift in Frameworks */ = {isa = PBXBuildFile; productRef = 55A6D9FB2AA5E0810064ED53 /* RealmSwift */; };
		55A6D9FE2AA5E96D0064ED53 /* RealmData.swift in Sources */ = {isa = PBXBuildFile; fileRef = 55A6D9FD2AA5E96D0064ED53 /* RealmData.swift */; };
		55A6DA002AA619830064ED53 /* RealmManager.swift in Sources */ = {isa = PBXBuildFile; fileRef = 55A6D9FF2AA619830064ED53 /* RealmManager.swift */; };
		55A7A9072AA757C400947AAB /* FileManager+Extension.swift in Sources */ = {isa = PBXBuildFile; fileRef = 55A7A9062AA757C400947AAB /* FileManager+Extension.swift */; };
/* End PBXBuildFile section */

/* Begin PBXContainerItemProxy section */
		551774872A77EA3D0089D911 /* PBXContainerItemProxy */ = {
			isa = PBXContainerItemProxy;
			containerPortal = 551774502A77C08D0089D911 /* Project object */;
			proxyType = 1;
			remoteGlobalIDString = 551774572A77C08D0089D911;
			remoteInfo = BookWorm;
		};
/* End PBXContainerItemProxy section */

/* Begin PBXFileReference section */
		550A81062AA86D5A00E3F03C /* ReusableViewProtocol.swift */ = {isa = PBXFileReference; lastKnownFileType = sourcecode.swift; path = ReusableViewProtocol.swift; sourceTree = "<group>"; };
		551774582A77C08D0089D911 /* BookWorm.app */ = {isa = PBXFileReference; explicitFileType = wrapper.application; includeInIndex = 0; path = BookWorm.app; sourceTree = BUILT_PRODUCTS_DIR; };
		5517745B2A77C08D0089D911 /* AppDelegate.swift */ = {isa = PBXFileReference; lastKnownFileType = sourcecode.swift; path = AppDelegate.swift; sourceTree = "<group>"; };
		5517745D2A77C08D0089D911 /* SceneDelegate.swift */ = {isa = PBXFileReference; lastKnownFileType = sourcecode.swift; path = SceneDelegate.swift; sourceTree = "<group>"; };
		5517745F2A77C08D0089D911 /* BookCollectionViewController.swift */ = {isa = PBXFileReference; lastKnownFileType = sourcecode.swift; path = BookCollectionViewController.swift; sourceTree = "<group>"; };
		551774622A77C08D0089D911 /* Base */ = {isa = PBXFileReference; lastKnownFileType = file.storyboard; name = Base; path = Base.lproj/Main.storyboard; sourceTree = "<group>"; };
		551774642A77C08F0089D911 /* Assets.xcassets */ = {isa = PBXFileReference; lastKnownFileType = folder.assetcatalog; path = Assets.xcassets; sourceTree = "<group>"; };
		551774672A77C08F0089D911 /* Base */ = {isa = PBXFileReference; lastKnownFileType = file.storyboard; name = Base; path = Base.lproj/LaunchScreen.storyboard; sourceTree = "<group>"; };
		551774692A77C08F0089D911 /* Info.plist */ = {isa = PBXFileReference; lastKnownFileType = text.plist.xml; path = Info.plist; sourceTree = "<group>"; };
		551774752A77C1560089D911 /* AladinAPIService.swift */ = {isa = PBXFileReference; lastKnownFileType = sourcecode.swift; path = AladinAPIService.swift; sourceTree = "<group>"; };
		551774772A77C2690089D911 /* Constants.swift */ = {isa = PBXFileReference; lastKnownFileType = sourcecode.swift; path = Constants.swift; sourceTree = "<group>"; };
		551774792A77D0210089D911 /* AladinResult.swift */ = {isa = PBXFileReference; lastKnownFileType = sourcecode.swift; path = AladinResult.swift; sourceTree = "<group>"; };
		551774832A77EA3D0089D911 /* BookWormTests.xctest */ = {isa = PBXFileReference; explicitFileType = wrapper.cfbundle; includeInIndex = 0; path = BookWormTests.xctest; sourceTree = BUILT_PRODUCTS_DIR; };
		551774852A77EA3D0089D911 /* BookWormTests.swift */ = {isa = PBXFileReference; lastKnownFileType = sourcecode.swift; path = BookWormTests.swift; sourceTree = "<group>"; };
		5517748E2A77F7650089D911 /* BookCollectionViewCell.swift */ = {isa = PBXFileReference; lastKnownFileType = sourcecode.swift; path = BookCollectionViewCell.swift; sourceTree = "<group>"; };
		5517748F2A77F7650089D911 /* BookCollectionViewCell.xib */ = {isa = PBXFileReference; lastKnownFileType = file.xib; path = BookCollectionViewCell.xib; sourceTree = "<group>"; };
		551774952A7805BC0089D911 /* AladinApi.swift */ = {isa = PBXFileReference; lastKnownFileType = sourcecode.swift; path = AladinApi.swift; sourceTree = "<group>"; };
		551774972A7808D70089D911 /* UIViewController+Extension.swift */ = {isa = PBXFileReference; fileEncoding = 4; lastKnownFileType = sourcecode.swift; path = "UIViewController+Extension.swift"; sourceTree = "<group>"; };
		5517749A2A781FE30089D911 /* UIColor+Extension.swift */ = {isa = PBXFileReference; lastKnownFileType = sourcecode.swift; path = "UIColor+Extension.swift"; sourceTree = "<group>"; };
		5517749C2A7829550089D911 /* DetailViewController.swift */ = {isa = PBXFileReference; lastKnownFileType = sourcecode.swift; path = DetailViewController.swift; sourceTree = "<group>"; };
		5517749E2A78896C0089D911 /* SearchTableViewController.swift */ = {isa = PBXFileReference; lastKnownFileType = sourcecode.swift; path = SearchTableViewController.swift; sourceTree = "<group>"; };
		551774A02A7889DD0089D911 /* SearchTableViewCell.swift */ = {isa = PBXFileReference; lastKnownFileType = sourcecode.swift; path = SearchTableViewCell.swift; sourceTree = "<group>"; };
		551774A12A7889DD0089D911 /* SearchTableViewCell.xib */ = {isa = PBXFileReference; lastKnownFileType = file.xib; path = SearchTableViewCell.xib; sourceTree = "<group>"; };
		551774A42A7894F80089D911 /* BookCollectionReusableView.swift */ = {isa = PBXFileReference; lastKnownFileType = sourcecode.swift; path = BookCollectionReusableView.swift; sourceTree = "<group>"; };
		551774A82A78D6070089D911 /* Property List.plist */ = {isa = PBXFileReference; lastKnownFileType = text.plist.xml; path = "Property List.plist"; sourceTree = "<group>"; };
		551774AA2A78D92A0089D911 /* Bundle+Extension.swift */ = {isa = PBXFileReference; lastKnownFileType = sourcecode.swift; path = "Bundle+Extension.swift"; sourceTree = "<group>"; };
		551774AC2A78E0040089D911 /* FavoritesCollectionViewController.swift */ = {isa = PBXFileReference; lastKnownFileType = sourcecode.swift; path = FavoritesCollectionViewController.swift; sourceTree = "<group>"; };
		551774AE2A78E9480089D911 /* UserDefault.swift */ = {isa = PBXFileReference; lastKnownFileType = sourcecode.swift; path = UserDefault.swift; sourceTree = "<group>"; };
		551774B52A7A67830089D911 /* BrowseViewController.swift */ = {isa = PBXFileReference; lastKnownFileType = sourcecode.swift; path = BrowseViewController.swift; sourceTree = "<group>"; };
		551774B72A7A6A650089D911 /* BrowseCollectionViewCell.swift */ = {isa = PBXFileReference; lastKnownFileType = sourcecode.swift; path = BrowseCollectionViewCell.swift; sourceTree = "<group>"; };
		551774B82A7A6A650089D911 /* BrowseCollectionViewCell.xib */ = {isa = PBXFileReference; lastKnownFileType = file.xib; path = BrowseCollectionViewCell.xib; sourceTree = "<group>"; };
		551B237C2AA87AAE003471ED /* UICollectionViewFlowLayout+Extension.swift */ = {isa = PBXFileReference; lastKnownFileType = sourcecode.swift; path = "UICollectionViewFlowLayout+Extension.swift"; sourceTree = "<group>"; };
		559837222A7BDCEA00B35C06 /* UILabel+Extension.swift */ = {isa = PBXFileReference; lastKnownFileType = sourcecode.swift; path = "UILabel+Extension.swift"; sourceTree = "<group>"; };
		55A6D9FD2AA5E96D0064ED53 /* RealmData.swift */ = {isa = PBXFileReference; lastKnownFileType = sourcecode.swift; path = RealmData.swift; sourceTree = "<group>"; };
		55A6D9FF2AA619830064ED53 /* RealmManager.swift */ = {isa = PBXFileReference; lastKnownFileType = sourcecode.swift; path = RealmManager.swift; sourceTree = "<group>"; };
		55A7A9062AA757C400947AAB /* FileManager+Extension.swift */ = {isa = PBXFileReference; fileEncoding = 4; lastKnownFileType = sourcecode.swift; path = "FileManager+Extension.swift"; sourceTree = "<group>"; };
/* End PBXFileReference section */

/* Begin PBXFrameworksBuildPhase section */
		551774552A77C08D0089D911 /* Frameworks */ = {
			isa = PBXFrameworksBuildPhase;
			buildActionMask = 2147483647;
			files = (
				55A6D9FC2AA5E0810064ED53 /* RealmSwift in Frameworks */,
				55A6D9FA2AA5E0810064ED53 /* Realm in Frameworks */,
				551774942A77FFF90089D911 /* Kingfisher in Frameworks */,
				551774BD2A7A75DA0089D911 /* SnapKit in Frameworks */,
			);
			runOnlyForDeploymentPostprocessing = 0;
		};
		551774802A77EA3D0089D911 /* Frameworks */ = {
			isa = PBXFrameworksBuildPhase;
			buildActionMask = 2147483647;
			files = (
			);
			runOnlyForDeploymentPostprocessing = 0;
		};
/* End PBXFrameworksBuildPhase section */

/* Begin PBXGroup section */
		5517744F2A77C08D0089D911 = {
			isa = PBXGroup;
			children = (
				5517745A2A77C08D0089D911 /* BookWorm */,
				551774842A77EA3D0089D911 /* BookWormTests */,
				551774592A77C08D0089D911 /* Products */,
			);
			sourceTree = "<group>";
		};
		551774592A77C08D0089D911 /* Products */ = {
			isa = PBXGroup;
			children = (
				551774582A77C08D0089D911 /* BookWorm.app */,
				551774832A77EA3D0089D911 /* BookWormTests.xctest */,
			);
			name = Products;
			sourceTree = "<group>";
		};
		5517745A2A77C08D0089D911 /* BookWorm */ = {
			isa = PBXGroup;
			children = (
				551774642A77C08F0089D911 /* Assets.xcassets */,
				551774692A77C08F0089D911 /* Info.plist */,
				551774A82A78D6070089D911 /* Property List.plist */,
				551774992A7808DA0089D911 /* Extension */,
				551774702A77C0B40089D911 /* App */,
				551774742A77C0CC0089D911 /* Manager */,
				551774732A77C0C70089D911 /* Helper */,
				5517746F2A77C0A90089D911 /* Model */,
				551774712A77C0B90089D911 /* View */,
				551774722A77C0C10089D911 /* ViewController */,
			);
			path = BookWorm;
			sourceTree = "<group>";
		};
		5517746F2A77C0A90089D911 /* Model */ = {
			isa = PBXGroup;
			children = (
				551774792A77D0210089D911 /* AladinResult.swift */,
				55A6D9FD2AA5E96D0064ED53 /* RealmData.swift */,
			);
			path = Model;
			sourceTree = "<group>";
		};
		551774702A77C0B40089D911 /* App */ = {
			isa = PBXGroup;
			children = (
				5517745B2A77C08D0089D911 /* AppDelegate.swift */,
				5517745D2A77C08D0089D911 /* SceneDelegate.swift */,
			);
			path = App;
			sourceTree = "<group>";
		};
		551774712A77C0B90089D911 /* View */ = {
			isa = PBXGroup;
			children = (
				551774612A77C08D0089D911 /* Main.storyboard */,
				551774662A77C08F0089D911 /* LaunchScreen.storyboard */,
				551774A42A7894F80089D911 /* BookCollectionReusableView.swift */,
				5517748E2A77F7650089D911 /* BookCollectionViewCell.swift */,
				5517748F2A77F7650089D911 /* BookCollectionViewCell.xib */,
				551774A02A7889DD0089D911 /* SearchTableViewCell.swift */,
				551774A12A7889DD0089D911 /* SearchTableViewCell.xib */,
				551774B72A7A6A650089D911 /* BrowseCollectionViewCell.swift */,
				551774B82A7A6A650089D911 /* BrowseCollectionViewCell.xib */,
			);
			path = View;
			sourceTree = "<group>";
		};
		551774722A77C0C10089D911 /* ViewController */ = {
			isa = PBXGroup;
			children = (
				5517745F2A77C08D0089D911 /* BookCollectionViewController.swift */,
				5517749C2A7829550089D911 /* DetailViewController.swift */,
				5517749E2A78896C0089D911 /* SearchTableViewController.swift */,
				551774AC2A78E0040089D911 /* FavoritesCollectionViewController.swift */,
				551774B52A7A67830089D911 /* BrowseViewController.swift */,
			);
			path = ViewController;
			sourceTree = "<group>";
		};
		551774732A77C0C70089D911 /* Helper */ = {
			isa = PBXGroup;
			children = (
				551774772A77C2690089D911 /* Constants.swift */,
				551774952A7805BC0089D911 /* AladinApi.swift */,
				551774AE2A78E9480089D911 /* UserDefault.swift */,
			);
			path = Helper;
			sourceTree = "<group>";
		};
		551774742A77C0CC0089D911 /* Manager */ = {
			isa = PBXGroup;
			children = (
				55A6D9FF2AA619830064ED53 /* RealmManager.swift */,
				551774752A77C1560089D911 /* AladinAPIService.swift */,
			);
			path = Manager;
			sourceTree = "<group>";
		};
		551774842A77EA3D0089D911 /* BookWormTests */ = {
			isa = PBXGroup;
			children = (
				551774852A77EA3D0089D911 /* BookWormTests.swift */,
			);
			path = BookWormTests;
			sourceTree = "<group>";
		};
		551774992A7808DA0089D911 /* Extension */ = {
			isa = PBXGroup;
			children = (
				551774972A7808D70089D911 /* UIViewController+Extension.swift */,
				5517749A2A781FE30089D911 /* UIColor+Extension.swift */,
				551774AA2A78D92A0089D911 /* Bundle+Extension.swift */,
				559837222A7BDCEA00B35C06 /* UILabel+Extension.swift */,
				55A7A9062AA757C400947AAB /* FileManager+Extension.swift */,
				550A81062AA86D5A00E3F03C /* ReusableViewProtocol.swift */,
				551B237C2AA87AAE003471ED /* UICollectionViewFlowLayout+Extension.swift */,
			);
			path = Extension;
			sourceTree = "<group>";
		};
/* End PBXGroup section */

/* Begin PBXNativeTarget section */
		551774572A77C08D0089D911 /* BookWorm */ = {
			isa = PBXNativeTarget;
			buildConfigurationList = 5517746C2A77C08F0089D911 /* Build configuration list for PBXNativeTarget "BookWorm" */;
			buildPhases = (
				551774542A77C08D0089D911 /* Sources */,
				551774552A77C08D0089D911 /* Frameworks */,
				551774562A77C08D0089D911 /* Resources */,
			);
			buildRules = (
			);
			dependencies = (
			);
			name = BookWorm;
			packageProductDependencies = (
				551774932A77FFF90089D911 /* Kingfisher */,
				551774BC2A7A75DA0089D911 /* SnapKit */,
				55A6D9F92AA5E0810064ED53 /* Realm */,
				55A6D9FB2AA5E0810064ED53 /* RealmSwift */,
			);
			productName = BookWorm;
			productReference = 551774582A77C08D0089D911 /* BookWorm.app */;
			productType = "com.apple.product-type.application";
		};
		551774822A77EA3D0089D911 /* BookWormTests */ = {
			isa = PBXNativeTarget;
			buildConfigurationList = 551774892A77EA3D0089D911 /* Build configuration list for PBXNativeTarget "BookWormTests" */;
			buildPhases = (
				5517747F2A77EA3D0089D911 /* Sources */,
				551774802A77EA3D0089D911 /* Frameworks */,
				551774812A77EA3D0089D911 /* Resources */,
			);
			buildRules = (
			);
			dependencies = (
				551774882A77EA3D0089D911 /* PBXTargetDependency */,
			);
			name = BookWormTests;
			productName = BookWormTests;
			productReference = 551774832A77EA3D0089D911 /* BookWormTests.xctest */;
			productType = "com.apple.product-type.bundle.unit-test";
		};
/* End PBXNativeTarget section */

/* Begin PBXProject section */
		551774502A77C08D0089D911 /* Project object */ = {
			isa = PBXProject;
			attributes = {
				BuildIndependentTargetsInParallel = 1;
				LastSwiftUpdateCheck = 1430;
				LastUpgradeCheck = 1430;
				TargetAttributes = {
					551774572A77C08D0089D911 = {
						CreatedOnToolsVersion = 14.3.1;
					};
					551774822A77EA3D0089D911 = {
						CreatedOnToolsVersion = 14.3.1;
						TestTargetID = 551774572A77C08D0089D911;
					};
				};
			};
			buildConfigurationList = 551774532A77C08D0089D911 /* Build configuration list for PBXProject "BookWorm" */;
			compatibilityVersion = "Xcode 14.0";
			developmentRegion = en;
			hasScannedForEncodings = 0;
			knownRegions = (
				en,
				Base,
			);
			mainGroup = 5517744F2A77C08D0089D911;
			packageReferences = (
				551774922A77FFF90089D911 /* XCRemoteSwiftPackageReference "Kingfisher" */,
				551774BB2A7A75DA0089D911 /* XCRemoteSwiftPackageReference "SnapKit" */,
				553DBB572A83A362000ACEFA /* XCRemoteSwiftPackageReference "Alamofire" */,
				553DBB5A2A83A376000ACEFA /* XCRemoteSwiftPackageReference "SwiftyJSON" */,
				55A6D9F82AA5E0810064ED53 /* XCRemoteSwiftPackageReference "realm-swift" */,
			);
			productRefGroup = 551774592A77C08D0089D911 /* Products */;
			projectDirPath = "";
			projectRoot = "";
			targets = (
				551774572A77C08D0089D911 /* BookWorm */,
				551774822A77EA3D0089D911 /* BookWormTests */,
			);
		};
/* End PBXProject section */

/* Begin PBXResourcesBuildPhase section */
		551774562A77C08D0089D911 /* Resources */ = {
			isa = PBXResourcesBuildPhase;
			buildActionMask = 2147483647;
			files = (
				551774A92A78D6070089D911 /* Property List.plist in Resources */,
				551774BA2A7A6A650089D911 /* BrowseCollectionViewCell.xib in Resources */,
				551774682A77C08F0089D911 /* LaunchScreen.storyboard in Resources */,
				551774912A77F7650089D911 /* BookCollectionViewCell.xib in Resources */,
				551774652A77C08F0089D911 /* Assets.xcassets in Resources */,
				551774632A77C08D0089D911 /* Main.storyboard in Resources */,
				551774A32A7889DD0089D911 /* SearchTableViewCell.xib in Resources */,
			);
			runOnlyForDeploymentPostprocessing = 0;
		};
		551774812A77EA3D0089D911 /* Resources */ = {
			isa = PBXResourcesBuildPhase;
			buildActionMask = 2147483647;
			files = (
			);
			runOnlyForDeploymentPostprocessing = 0;
		};
/* End PBXResourcesBuildPhase section */

/* Begin PBXSourcesBuildPhase section */
		551774542A77C08D0089D911 /* Sources */ = {
			isa = PBXSourcesBuildPhase;
			buildActionMask = 2147483647;
			files = (
				551774A52A7894F80089D911 /* BookCollectionReusableView.swift in Sources */,
				551774AB2A78D92A0089D911 /* Bundle+Extension.swift in Sources */,
				5517749D2A7829550089D911 /* DetailViewController.swift in Sources */,
				551774982A7808D70089D911 /* UIViewController+Extension.swift in Sources */,
				55A6D9FE2AA5E96D0064ED53 /* RealmData.swift in Sources */,
				550A81072AA86D5A00E3F03C /* ReusableViewProtocol.swift in Sources */,
				551774782A77C2690089D911 /* Constants.swift in Sources */,
				551774B92A7A6A650089D911 /* BrowseCollectionViewCell.swift in Sources */,
				551B237D2AA87AAE003471ED /* UICollectionViewFlowLayout+Extension.swift in Sources */,
				551774762A77C1560089D911 /* AladinAPIService.swift in Sources */,
				551774B62A7A67830089D911 /* BrowseViewController.swift in Sources */,
				551774602A77C08D0089D911 /* BookCollectionViewController.swift in Sources */,
				5517747A2A77D0210089D911 /* AladinResult.swift in Sources */,
				551774902A77F7650089D911 /* BookCollectionViewCell.swift in Sources */,
				5517749F2A78896C0089D911 /* SearchTableViewController.swift in Sources */,
				55A6DA002AA619830064ED53 /* RealmManager.swift in Sources */,
				559837232A7BDCEA00B35C06 /* UILabel+Extension.swift in Sources */,
				551774A22A7889DD0089D911 /* SearchTableViewCell.swift in Sources */,
				55A7A9072AA757C400947AAB /* FileManager+Extension.swift in Sources */,
				551774AD2A78E0040089D911 /* FavoritesCollectionViewController.swift in Sources */,
				551774AF2A78E9480089D911 /* UserDefault.swift in Sources */,
				551774962A7805BC0089D911 /* AladinApi.swift in Sources */,
				5517745C2A77C08D0089D911 /* AppDelegate.swift in Sources */,
				5517745E2A77C08D0089D911 /* SceneDelegate.swift in Sources */,
				5517749B2A781FE30089D911 /* UIColor+Extension.swift in Sources */,
			);
			runOnlyForDeploymentPostprocessing = 0;
		};
		5517747F2A77EA3D0089D911 /* Sources */ = {
			isa = PBXSourcesBuildPhase;
			buildActionMask = 2147483647;
			files = (
				551774862A77EA3D0089D911 /* BookWormTests.swift in Sources */,
			);
			runOnlyForDeploymentPostprocessing = 0;
		};
/* End PBXSourcesBuildPhase section */

/* Begin PBXTargetDependency section */
		551774882A77EA3D0089D911 /* PBXTargetDependency */ = {
			isa = PBXTargetDependency;
			target = 551774572A77C08D0089D911 /* BookWorm */;
			targetProxy = 551774872A77EA3D0089D911 /* PBXContainerItemProxy */;
		};
/* End PBXTargetDependency section */

/* Begin PBXVariantGroup section */
		551774612A77C08D0089D911 /* Main.storyboard */ = {
			isa = PBXVariantGroup;
			children = (
				551774622A77C08D0089D911 /* Base */,
			);
			name = Main.storyboard;
			sourceTree = "<group>";
		};
		551774662A77C08F0089D911 /* LaunchScreen.storyboard */ = {
			isa = PBXVariantGroup;
			children = (
				551774672A77C08F0089D911 /* Base */,
			);
			name = LaunchScreen.storyboard;
			sourceTree = "<group>";
		};
/* End PBXVariantGroup section */

/* Begin XCBuildConfiguration section */
		5517746A2A77C08F0089D911 /* Debug */ = {
			isa = XCBuildConfiguration;
			buildSettings = {
				ALWAYS_SEARCH_USER_PATHS = NO;
				CLANG_ANALYZER_NONNULL = YES;
				CLANG_ANALYZER_NUMBER_OBJECT_CONVERSION = YES_AGGRESSIVE;
				CLANG_CXX_LANGUAGE_STANDARD = "gnu++20";
				CLANG_ENABLE_MODULES = YES;
				CLANG_ENABLE_OBJC_ARC = YES;
				CLANG_ENABLE_OBJC_WEAK = YES;
				CLANG_WARN_BLOCK_CAPTURE_AUTORELEASING = YES;
				CLANG_WARN_BOOL_CONVERSION = YES;
				CLANG_WARN_COMMA = YES;
				CLANG_WARN_CONSTANT_CONVERSION = YES;
				CLANG_WARN_DEPRECATED_OBJC_IMPLEMENTATIONS = YES;
				CLANG_WARN_DIRECT_OBJC_ISA_USAGE = YES_ERROR;
				CLANG_WARN_DOCUMENTATION_COMMENTS = YES;
				CLANG_WARN_EMPTY_BODY = YES;
				CLANG_WARN_ENUM_CONVERSION = YES;
				CLANG_WARN_INFINITE_RECURSION = YES;
				CLANG_WARN_INT_CONVERSION = YES;
				CLANG_WARN_NON_LITERAL_NULL_CONVERSION = YES;
				CLANG_WARN_OBJC_IMPLICIT_RETAIN_SELF = YES;
				CLANG_WARN_OBJC_LITERAL_CONVERSION = YES;
				CLANG_WARN_OBJC_ROOT_CLASS = YES_ERROR;
				CLANG_WARN_QUOTED_INCLUDE_IN_FRAMEWORK_HEADER = YES;
				CLANG_WARN_RANGE_LOOP_ANALYSIS = YES;
				CLANG_WARN_STRICT_PROTOTYPES = YES;
				CLANG_WARN_SUSPICIOUS_MOVE = YES;
				CLANG_WARN_UNGUARDED_AVAILABILITY = YES_AGGRESSIVE;
				CLANG_WARN_UNREACHABLE_CODE = YES;
				CLANG_WARN__DUPLICATE_METHOD_MATCH = YES;
				COPY_PHASE_STRIP = NO;
				DEBUG_INFORMATION_FORMAT = dwarf;
				ENABLE_STRICT_OBJC_MSGSEND = YES;
				ENABLE_TESTABILITY = YES;
				GCC_C_LANGUAGE_STANDARD = gnu11;
				GCC_DYNAMIC_NO_PIC = NO;
				GCC_NO_COMMON_BLOCKS = YES;
				GCC_OPTIMIZATION_LEVEL = 0;
				GCC_PREPROCESSOR_DEFINITIONS = (
					"DEBUG=1",
					"$(inherited)",
				);
				GCC_WARN_64_TO_32_BIT_CONVERSION = YES;
				GCC_WARN_ABOUT_RETURN_TYPE = YES_ERROR;
				GCC_WARN_UNDECLARED_SELECTOR = YES;
				GCC_WARN_UNINITIALIZED_AUTOS = YES_AGGRESSIVE;
				GCC_WARN_UNUSED_FUNCTION = YES;
				GCC_WARN_UNUSED_VARIABLE = YES;
				IPHONEOS_DEPLOYMENT_TARGET = 16.4;
				MTL_ENABLE_DEBUG_INFO = INCLUDE_SOURCE;
				MTL_FAST_MATH = YES;
				ONLY_ACTIVE_ARCH = YES;
				SDKROOT = iphoneos;
				SWIFT_ACTIVE_COMPILATION_CONDITIONS = DEBUG;
				SWIFT_OPTIMIZATION_LEVEL = "-Onone";
			};
			name = Debug;
		};
		5517746B2A77C08F0089D911 /* Release */ = {
			isa = XCBuildConfiguration;
			buildSettings = {
				ALWAYS_SEARCH_USER_PATHS = NO;
				CLANG_ANALYZER_NONNULL = YES;
				CLANG_ANALYZER_NUMBER_OBJECT_CONVERSION = YES_AGGRESSIVE;
				CLANG_CXX_LANGUAGE_STANDARD = "gnu++20";
				CLANG_ENABLE_MODULES = YES;
				CLANG_ENABLE_OBJC_ARC = YES;
				CLANG_ENABLE_OBJC_WEAK = YES;
				CLANG_WARN_BLOCK_CAPTURE_AUTORELEASING = YES;
				CLANG_WARN_BOOL_CONVERSION = YES;
				CLANG_WARN_COMMA = YES;
				CLANG_WARN_CONSTANT_CONVERSION = YES;
				CLANG_WARN_DEPRECATED_OBJC_IMPLEMENTATIONS = YES;
				CLANG_WARN_DIRECT_OBJC_ISA_USAGE = YES_ERROR;
				CLANG_WARN_DOCUMENTATION_COMMENTS = YES;
				CLANG_WARN_EMPTY_BODY = YES;
				CLANG_WARN_ENUM_CONVERSION = YES;
				CLANG_WARN_INFINITE_RECURSION = YES;
				CLANG_WARN_INT_CONVERSION = YES;
				CLANG_WARN_NON_LITERAL_NULL_CONVERSION = YES;
				CLANG_WARN_OBJC_IMPLICIT_RETAIN_SELF = YES;
				CLANG_WARN_OBJC_LITERAL_CONVERSION = YES;
				CLANG_WARN_OBJC_ROOT_CLASS = YES_ERROR;
				CLANG_WARN_QUOTED_INCLUDE_IN_FRAMEWORK_HEADER = YES;
				CLANG_WARN_RANGE_LOOP_ANALYSIS = YES;
				CLANG_WARN_STRICT_PROTOTYPES = YES;
				CLANG_WARN_SUSPICIOUS_MOVE = YES;
				CLANG_WARN_UNGUARDED_AVAILABILITY = YES_AGGRESSIVE;
				CLANG_WARN_UNREACHABLE_CODE = YES;
				CLANG_WARN__DUPLICATE_METHOD_MATCH = YES;
				COPY_PHASE_STRIP = NO;
				DEBUG_INFORMATION_FORMAT = "dwarf-with-dsym";
				ENABLE_NS_ASSERTIONS = NO;
				ENABLE_STRICT_OBJC_MSGSEND = YES;
				GCC_C_LANGUAGE_STANDARD = gnu11;
				GCC_NO_COMMON_BLOCKS = YES;
				GCC_WARN_64_TO_32_BIT_CONVERSION = YES;
				GCC_WARN_ABOUT_RETURN_TYPE = YES_ERROR;
				GCC_WARN_UNDECLARED_SELECTOR = YES;
				GCC_WARN_UNINITIALIZED_AUTOS = YES_AGGRESSIVE;
				GCC_WARN_UNUSED_FUNCTION = YES;
				GCC_WARN_UNUSED_VARIABLE = YES;
				IPHONEOS_DEPLOYMENT_TARGET = 16.4;
				MTL_ENABLE_DEBUG_INFO = NO;
				MTL_FAST_MATH = YES;
				SDKROOT = iphoneos;
				SWIFT_COMPILATION_MODE = wholemodule;
				SWIFT_OPTIMIZATION_LEVEL = "-O";
				VALIDATE_PRODUCT = YES;
			};
			name = Release;
		};
		5517746D2A77C08F0089D911 /* Debug */ = {
			isa = XCBuildConfiguration;
			buildSettings = {
				ASSETCATALOG_COMPILER_APPICON_NAME = AppIcon;
				ASSETCATALOG_COMPILER_GLOBAL_ACCENT_COLOR_NAME = AccentColor;
				CODE_SIGN_STYLE = Automatic;
				CURRENT_PROJECT_VERSION = 1;
				DEVELOPMENT_TEAM = VJ2VF4KUF7;
				GENERATE_INFOPLIST_FILE = YES;
				INFOPLIST_FILE = BookWorm/Info.plist;
				INFOPLIST_KEY_UIApplicationSupportsIndirectInputEvents = YES;
				INFOPLIST_KEY_UILaunchStoryboardName = LaunchScreen;
				INFOPLIST_KEY_UIMainStoryboardFile = Main;
				INFOPLIST_KEY_UISupportedInterfaceOrientations_iPad = "UIInterfaceOrientationPortrait UIInterfaceOrientationPortraitUpsideDown UIInterfaceOrientationLandscapeLeft UIInterfaceOrientationLandscapeRight";
				INFOPLIST_KEY_UISupportedInterfaceOrientations_iPhone = "UIInterfaceOrientationPortrait UIInterfaceOrientationLandscapeLeft UIInterfaceOrientationLandscapeRight";
				LD_RUNPATH_SEARCH_PATHS = (
					"$(inherited)",
					"@executable_path/Frameworks",
				);
				MARKETING_VERSION = 1.0;
				PRODUCT_BUNDLE_IDENTIFIER = com.Jimmy.BookWorm;
				PRODUCT_NAME = "$(TARGET_NAME)";
				SWIFT_EMIT_LOC_STRINGS = YES;
				SWIFT_VERSION = 5.0;
				TARGETED_DEVICE_FAMILY = "1,2";
			};
			name = Debug;
		};
		5517746E2A77C08F0089D911 /* Release */ = {
			isa = XCBuildConfiguration;
			buildSettings = {
				ASSETCATALOG_COMPILER_APPICON_NAME = AppIcon;
				ASSETCATALOG_COMPILER_GLOBAL_ACCENT_COLOR_NAME = AccentColor;
				CODE_SIGN_STYLE = Automatic;
				CURRENT_PROJECT_VERSION = 1;
				DEVELOPMENT_TEAM = VJ2VF4KUF7;
				GENERATE_INFOPLIST_FILE = YES;
				INFOPLIST_FILE = BookWorm/Info.plist;
				INFOPLIST_KEY_UIApplicationSupportsIndirectInputEvents = YES;
				INFOPLIST_KEY_UILaunchStoryboardName = LaunchScreen;
				INFOPLIST_KEY_UIMainStoryboardFile = Main;
				INFOPLIST_KEY_UISupportedInterfaceOrientations_iPad = "UIInterfaceOrientationPortrait UIInterfaceOrientationPortraitUpsideDown UIInterfaceOrientationLandscapeLeft UIInterfaceOrientationLandscapeRight";
				INFOPLIST_KEY_UISupportedInterfaceOrientations_iPhone = "UIInterfaceOrientationPortrait UIInterfaceOrientationLandscapeLeft UIInterfaceOrientationLandscapeRight";
				LD_RUNPATH_SEARCH_PATHS = (
					"$(inherited)",
					"@executable_path/Frameworks",
				);
				MARKETING_VERSION = 1.0;
				PRODUCT_BUNDLE_IDENTIFIER = com.Jimmy.BookWorm;
				PRODUCT_NAME = "$(TARGET_NAME)";
				SWIFT_EMIT_LOC_STRINGS = YES;
				SWIFT_VERSION = 5.0;
				TARGETED_DEVICE_FAMILY = "1,2";
			};
			name = Release;
		};
		5517748A2A77EA3D0089D911 /* Debug */ = {
			isa = XCBuildConfiguration;
			buildSettings = {
				BUNDLE_LOADER = "$(TEST_HOST)";
				CODE_SIGN_STYLE = Automatic;
				CURRENT_PROJECT_VERSION = 1;
				DEVELOPMENT_TEAM = VJ2VF4KUF7;
				GENERATE_INFOPLIST_FILE = YES;
				IPHONEOS_DEPLOYMENT_TARGET = 16.4;
				MACOSX_DEPLOYMENT_TARGET = 13.3;
				MARKETING_VERSION = 1.0;
				PRODUCT_BUNDLE_IDENTIFIER = com.Jimmy.BookWormTests;
				PRODUCT_NAME = "$(TARGET_NAME)";
				SDKROOT = auto;
				SUPPORTED_PLATFORMS = "iphoneos iphonesimulator macosx";
				SWIFT_EMIT_LOC_STRINGS = NO;
				SWIFT_VERSION = 5.0;
				TARGETED_DEVICE_FAMILY = "1,2";
				TEST_HOST = "$(BUILT_PRODUCTS_DIR)/BookWorm.app/$(BUNDLE_EXECUTABLE_FOLDER_PATH)/BookWorm";
			};
			name = Debug;
		};
		5517748B2A77EA3D0089D911 /* Release */ = {
			isa = XCBuildConfiguration;
			buildSettings = {
				BUNDLE_LOADER = "$(TEST_HOST)";
				CODE_SIGN_STYLE = Automatic;
				CURRENT_PROJECT_VERSION = 1;
				DEVELOPMENT_TEAM = VJ2VF4KUF7;
				GENERATE_INFOPLIST_FILE = YES;
				IPHONEOS_DEPLOYMENT_TARGET = 16.4;
				MACOSX_DEPLOYMENT_TARGET = 13.3;
				MARKETING_VERSION = 1.0;
				PRODUCT_BUNDLE_IDENTIFIER = com.Jimmy.BookWormTests;
				PRODUCT_NAME = "$(TARGET_NAME)";
				SDKROOT = auto;
				SUPPORTED_PLATFORMS = "iphoneos iphonesimulator macosx";
				SWIFT_EMIT_LOC_STRINGS = NO;
				SWIFT_VERSION = 5.0;
				TARGETED_DEVICE_FAMILY = "1,2";
				TEST_HOST = "$(BUILT_PRODUCTS_DIR)/BookWorm.app/$(BUNDLE_EXECUTABLE_FOLDER_PATH)/BookWorm";
			};
			name = Release;
		};
/* End XCBuildConfiguration section */

/* Begin XCConfigurationList section */
		551774532A77C08D0089D911 /* Build configuration list for PBXProject "BookWorm" */ = {
			isa = XCConfigurationList;
			buildConfigurations = (
				5517746A2A77C08F0089D911 /* Debug */,
				5517746B2A77C08F0089D911 /* Release */,
			);
			defaultConfigurationIsVisible = 0;
			defaultConfigurationName = Release;
		};
		5517746C2A77C08F0089D911 /* Build configuration list for PBXNativeTarget "BookWorm" */ = {
			isa = XCConfigurationList;
			buildConfigurations = (
				5517746D2A77C08F0089D911 /* Debug */,
				5517746E2A77C08F0089D911 /* Release */,
			);
			defaultConfigurationIsVisible = 0;
			defaultConfigurationName = Release;
		};
		551774892A77EA3D0089D911 /* Build configuration list for PBXNativeTarget "BookWormTests" */ = {
			isa = XCConfigurationList;
			buildConfigurations = (
				5517748A2A77EA3D0089D911 /* Debug */,
				5517748B2A77EA3D0089D911 /* Release */,
			);
			defaultConfigurationIsVisible = 0;
			defaultConfigurationName = Release;
		};
/* End XCConfigurationList section */

/* Begin XCRemoteSwiftPackageReference section */
		551774922A77FFF90089D911 /* XCRemoteSwiftPackageReference "Kingfisher" */ = {
			isa = XCRemoteSwiftPackageReference;
			repositoryURL = "https://github.com/onevcat/Kingfisher.git";
			requirement = {
				kind = upToNextMajorVersion;
				minimumVersion = 7.0.0;
			};
		};
		551774BB2A7A75DA0089D911 /* XCRemoteSwiftPackageReference "SnapKit" */ = {
			isa = XCRemoteSwiftPackageReference;
			repositoryURL = "https://github.com/SnapKit/SnapKit.git";
			requirement = {
				kind = upToNextMajorVersion;
				minimumVersion = 5.0.0;
			};
		};
		553DBB572A83A362000ACEFA /* XCRemoteSwiftPackageReference "Alamofire" */ = {
			isa = XCRemoteSwiftPackageReference;
			repositoryURL = "https://github.com/Alamofire/Alamofire.git";
			requirement = {
				kind = upToNextMajorVersion;
				minimumVersion = 5.0.0;
			};
		};
		553DBB5A2A83A376000ACEFA /* XCRemoteSwiftPackageReference "SwiftyJSON" */ = {
			isa = XCRemoteSwiftPackageReference;
			repositoryURL = "https://github.com/SwiftyJSON/SwiftyJSON.git";
			requirement = {
				kind = upToNextMajorVersion;
				minimumVersion = 5.0.0;
			};
		};
		55A6D9F82AA5E0810064ED53 /* XCRemoteSwiftPackageReference "realm-swift" */ = {
			isa = XCRemoteSwiftPackageReference;
			repositoryURL = "https://github.com/realm/realm-swift";
			requirement = {
				branch = master;
				kind = branch;
			};
		};
/* End XCRemoteSwiftPackageReference section */

/* Begin XCSwiftPackageProductDependency section */
		551774932A77FFF90089D911 /* Kingfisher */ = {
			isa = XCSwiftPackageProductDependency;
			package = 551774922A77FFF90089D911 /* XCRemoteSwiftPackageReference "Kingfisher" */;
			productName = Kingfisher;
		};
		551774BC2A7A75DA0089D911 /* SnapKit */ = {
			isa = XCSwiftPackageProductDependency;
			package = 551774BB2A7A75DA0089D911 /* XCRemoteSwiftPackageReference "SnapKit" */;
			productName = SnapKit;
		};
		55A6D9F92AA5E0810064ED53 /* Realm */ = {
			isa = XCSwiftPackageProductDependency;
			package = 55A6D9F82AA5E0810064ED53 /* XCRemoteSwiftPackageReference "realm-swift" */;
			productName = Realm;
		};
		55A6D9FB2AA5E0810064ED53 /* RealmSwift */ = {
			isa = XCSwiftPackageProductDependency;
			package = 55A6D9F82AA5E0810064ED53 /* XCRemoteSwiftPackageReference "realm-swift" */;
			productName = RealmSwift;
		};
/* End XCSwiftPackageProductDependency section */
	};
	rootObject = 551774502A77C08D0089D911 /* Project object */;
}
